
Microsoft Visual Studio Solution File, Format Version 12.00
Project("{FAE04EC0-301F-11D3-BF4B-00C04F79EFBC}") = "YuEzTools", "YuEzTools\YuEzTools.csproj", "{33A85FD0-FA5F-49AB-B780-FF7BC07FF373}"
EndProject
Global
	GlobalSection(SolutionConfigurationPlatforms) = preSolution
		Debug|Windows = Debug|Windows
		Release|Windows = Release|Windows
		Canary|Windows = Canary|Windows
        Debug|Android = Debug|Android
        Release|Android = Release|Android
        Canary|Android = Canary|Android
	EndGlobalSection
	GlobalSection(ProjectConfigurationPlatforms) = postSolution
		{33A85FD0-FA5F-49AB-B780-FF7BC07FF373}.Debug|Windows.ActiveCfg = Debug|Windows
		{33A85FD0-FA5F-49AB-B780-FF7BC07FF373}.Debug|Windows.Build.0 = Debug|Windows
		{33A85FD0-FA5F-49AB-B780-FF7BC07FF373}.Release|Windows.ActiveCfg = Release|Windows
		{33A85FD0-FA5F-49AB-B780-FF7BC07FF373}.Release|Windows.Build.0 = Release|Windows
		{33A85FD0-FA5F-49AB-B780-FF7BC07FF373}.Canary|Windows.ActiveCfg = Canary|Windows
		{33A85FD0-FA5F-49AB-B780-FF7BC07FF373}.Canary|Windows.Build.0 = Canary|Windows
        {33A85FD0-FA5F-49AB-B780-FF7BC07FF373}.Debug|Android.ActiveCfg = Debug|Android
        {33A85FD0-FA5F-49AB-B780-FF7BC07FF373}.Debug|Android.Build.0 = Debug|Android
        {33A85FD0-FA5F-49AB-B780-FF7BC07FF373}.Release|Android.ActiveCfg = Release|Android
        {33A85FD0-FA5F-49AB-B780-FF7BC07FF373}.Release|Android.Build.0 = Release|Android
        {33A85FD0-FA5F-49AB-B780-FF7BC07FF373}.Canary|Android.ActiveCfg = Canary|Android
        {33A85FD0-FA5F-49AB-B780-FF7BC07FF373}.Canary|Android.Build.0 = Canary|Android
	EndGlobalSection
EndGlobal
